
Microsoft Visual Studio Solution File, Format Version 12.00
# Visual Studio Version 16
VisualStudioVersion = 16.0.29503.13
MinimumVisualStudioVersion = 10.0.40219.1
Project("{FAE04EC0-301F-11D3-BF4B-00C04F79EFBC}") = "Hamster", "Hamster.csproj", "{EC416727-FF35-459F-9827-4CE82B061899}"
EndProject
Global
	GlobalSection(SolutionConfigurationPlatforms) = preSolution
		Debug|Any CPU = Debug|Any CPU
		Release|Any CPU = Release|Any CPU
	EndGlobalSection
	GlobalSection(ProjectConfigurationPlatforms) = postSolution
		{EC416727-FF35-459F-9827-4CE82B061899}.Debug|Any CPU.ActiveCfg = Debug|Any CPU
		{EC416727-FF35-459F-9827-4CE82B061899}.Debug|Any CPU.Build.0 = Debug|Any CPU
		{EC416727-FF35-459F-9827-4CE82B061899}.Release|Any CPU.ActiveCfg = Release|Any CPU
		{EC416727-FF35-459F-9827-4CE82B061899}.Release|Any CPU.Build.0 = Release|Any CPU
	EndGlobalSection
	GlobalSection(SolutionProperties) = preSolution
		HideSolutionNode = FALSE
	EndGlobalSection
	GlobalSection(ExtensibilityGlobals) = postSolution
		SolutionGuid = {D55F8633-6BD3-486C-A754-0A8B1F5F2FE3}
	EndGlobalSection
EndGlobal
